// !$*UTF8*$!
{
	archiveVersion = 1;
	classes = {
	};
	objectVersion = 46;
	objects = {

/* Begin PBXBuildFile section */
		6B1C37B61B4F65DD0030C500 /* SafariServices.framework in Frameworks */ = {isa = PBXBuildFile; fileRef = 6B1C37B51B4F65DD0030C500 /* SafariServices.framework */; };
		6B4012461B715EB9007E5B8F /* BlockerRule.m in Sources */ = {isa = PBXBuildFile; fileRef = 6B4012441B715EB9007E5B8F /* BlockerRule.m */; };
		6B4012471B715EB9007E5B8F /* BlockerRule.m in Sources */ = {isa = PBXBuildFile; fileRef = 6B4012441B715EB9007E5B8F /* BlockerRule.m */; };
		6B4012481B715EEC007E5B8F /* blockerList.json in Resources */ = {isa = PBXBuildFile; fileRef = 6B673C2C1B3DE346007CDD18 /* blockerList.json */; };
		6B59AC7E1B724E9A0039854F /* RulesTableViewController.m in Sources */ = {isa = PBXBuildFile; fileRef = 6B59AC7D1B724E9A0039854F /* RulesTableViewController.m */; };
		6B673C111B3DDBE9007CDD18 /* main.m in Sources */ = {isa = PBXBuildFile; fileRef = 6B673C101B3DDBE9007CDD18 /* main.m */; };
		6B673C141B3DDBE9007CDD18 /* AppDelegate.m in Sources */ = {isa = PBXBuildFile; fileRef = 6B673C131B3DDBE9007CDD18 /* AppDelegate.m */; };
		6B673C171B3DDBE9007CDD18 /* ViewController.m in Sources */ = {isa = PBXBuildFile; fileRef = 6B673C161B3DDBE9007CDD18 /* ViewController.m */; };
		6B673C1A1B3DDBE9007CDD18 /* Main.storyboard in Resources */ = {isa = PBXBuildFile; fileRef = 6B673C181B3DDBE9007CDD18 /* Main.storyboard */; };
		6B673C1C1B3DDBE9007CDD18 /* Assets.xcassets in Resources */ = {isa = PBXBuildFile; fileRef = 6B673C1B1B3DDBE9007CDD18 /* Assets.xcassets */; };
		6B673C1F1B3DDBE9007CDD18 /* LaunchScreen.storyboard in Resources */ = {isa = PBXBuildFile; fileRef = 6B673C1D1B3DDBE9007CDD18 /* LaunchScreen.storyboard */; };
		6B673C2D1B3DE346007CDD18 /* blockerList.json in Resources */ = {isa = PBXBuildFile; fileRef = 6B673C2C1B3DE346007CDD18 /* blockerList.json */; };
		6B673C301B3DE346007CDD18 /* ActionRequestHandler.m in Sources */ = {isa = PBXBuildFile; fileRef = 6B673C2F1B3DE346007CDD18 /* ActionRequestHandler.m */; };
		6B673C341B3DE346007CDD18 /* RediffBlock.appex in Embed App Extensions */ = {isa = PBXBuildFile; fileRef = 6B673C2A1B3DE345007CDD18 /* RediffBlock.appex */; settings = {ATTRIBUTES = (RemoveHeadersOnCopy, ); }; };
/* End PBXBuildFile section */

/* Begin PBXContainerItemProxy section */
		6B673C321B3DE346007CDD18 /* PBXContainerItemProxy */ = {
			isa = PBXContainerItemProxy;
			containerPortal = 6B673C041B3DDBE9007CDD18 /* Project object */;
			proxyType = 1;
			remoteGlobalIDString = 6B673C291B3DE345007CDD18;
			remoteInfo = RediffBlock;
		};
/* End PBXContainerItemProxy section */

/* Begin PBXCopyFilesBuildPhase section */
		6B673C381B3DE346007CDD18 /* Embed App Extensions */ = {
			isa = PBXCopyFilesBuildPhase;
			buildActionMask = 2147483647;
			dstPath = "";
			dstSubfolderSpec = 13;
			files = (
				6B673C341B3DE346007CDD18 /* RediffBlock.appex in Embed App Extensions */,
			);
			name = "Embed App Extensions";
			runOnlyForDeploymentPostprocessing = 0;
		};
/* End PBXCopyFilesBuildPhase section */

/* Begin PBXFileReference section */
		6B1C37B51B4F65DD0030C500 /* SafariServices.framework */ = {isa = PBXFileReference; lastKnownFileType = wrapper.framework; name = SafariServices.framework; path = System/Library/Frameworks/SafariServices.framework; sourceTree = SDKROOT; };
		6B4012441B715EB9007E5B8F /* BlockerRule.m */ = {isa = PBXFileReference; fileEncoding = 4; lastKnownFileType = sourcecode.c.objc; path = BlockerRule.m; sourceTree = "<group>"; };
		6B4012451B715EB9007E5B8F /* BlockerRule.h */ = {isa = PBXFileReference; fileEncoding = 4; lastKnownFileType = sourcecode.c.h; path = BlockerRule.h; sourceTree = "<group>"; };
		6B59AC7C1B724E9A0039854F /* RulesTableViewController.h */ = {isa = PBXFileReference; fileEncoding = 4; lastKnownFileType = sourcecode.c.h; path = RulesTableViewController.h; sourceTree = "<group>"; };
		6B59AC7D1B724E9A0039854F /* RulesTableViewController.m */ = {isa = PBXFileReference; fileEncoding = 4; lastKnownFileType = sourcecode.c.objc; path = RulesTableViewController.m; sourceTree = "<group>"; };
		6B673C0C1B3DDBE9007CDD18 /* BlockParty.app */ = {isa = PBXFileReference; explicitFileType = wrapper.application; includeInIndex = 0; path = BlockParty.app; sourceTree = BUILT_PRODUCTS_DIR; };
		6B673C101B3DDBE9007CDD18 /* main.m */ = {isa = PBXFileReference; lastKnownFileType = sourcecode.c.objc; path = main.m; sourceTree = "<group>"; };
		6B673C121B3DDBE9007CDD18 /* AppDelegate.h */ = {isa = PBXFileReference; lastKnownFileType = sourcecode.c.h; path = AppDelegate.h; sourceTree = "<group>"; };
		6B673C131B3DDBE9007CDD18 /* AppDelegate.m */ = {isa = PBXFileReference; lastKnownFileType = sourcecode.c.objc; path = AppDelegate.m; sourceTree = "<group>"; };
		6B673C151B3DDBE9007CDD18 /* ViewController.h */ = {isa = PBXFileReference; lastKnownFileType = sourcecode.c.h; path = ViewController.h; sourceTree = "<group>"; };
		6B673C161B3DDBE9007CDD18 /* ViewController.m */ = {isa = PBXFileReference; lastKnownFileType = sourcecode.c.objc; path = ViewController.m; sourceTree = "<group>"; };
		6B673C191B3DDBE9007CDD18 /* Base */ = {isa = PBXFileReference; lastKnownFileType = file.storyboard; name = Base; path = Base.lproj/Main.storyboard; sourceTree = "<group>"; };
		6B673C1B1B3DDBE9007CDD18 /* Assets.xcassets */ = {isa = PBXFileReference; lastKnownFileType = folder.assetcatalog; path = Assets.xcassets; sourceTree = "<group>"; };
		6B673C1E1B3DDBE9007CDD18 /* Base */ = {isa = PBXFileReference; lastKnownFileType = file.storyboard; name = Base; path = Base.lproj/LaunchScreen.storyboard; sourceTree = "<group>"; };
		6B673C201B3DDBE9007CDD18 /* Info.plist */ = {isa = PBXFileReference; lastKnownFileType = text.plist.xml; path = Info.plist; sourceTree = "<group>"; };
		6B673C2A1B3DE345007CDD18 /* RediffBlock.appex */ = {isa = PBXFileReference; explicitFileType = "wrapper.app-extension"; includeInIndex = 0; path = RediffBlock.appex; sourceTree = BUILT_PRODUCTS_DIR; };
		6B673C2C1B3DE346007CDD18 /* blockerList.json */ = {isa = PBXFileReference; lastKnownFileType = text.json; path = blockerList.json; sourceTree = "<group>"; };
		6B673C2E1B3DE346007CDD18 /* ActionRequestHandler.h */ = {isa = PBXFileReference; lastKnownFileType = sourcecode.c.h; path = ActionRequestHandler.h; sourceTree = "<group>"; };
		6B673C2F1B3DE346007CDD18 /* ActionRequestHandler.m */ = {isa = PBXFileReference; lastKnownFileType = sourcecode.c.objc; path = ActionRequestHandler.m; sourceTree = "<group>"; };
		6B673C311B3DE346007CDD18 /* Info.plist */ = {isa = PBXFileReference; lastKnownFileType = text.plist.xml; path = Info.plist; sourceTree = "<group>"; };
/* End PBXFileReference section */

/* Begin PBXFrameworksBuildPhase section */
		6B673C091B3DDBE9007CDD18 /* Frameworks */ = {
			isa = PBXFrameworksBuildPhase;
			buildActionMask = 2147483647;
			files = (
			);
			runOnlyForDeploymentPostprocessing = 0;
		};
		6B673C271B3DE345007CDD18 /* Frameworks */ = {
			isa = PBXFrameworksBuildPhase;
			buildActionMask = 2147483647;
			files = (
				6B1C37B61B4F65DD0030C500 /* SafariServices.framework in Frameworks */,
			);
			runOnlyForDeploymentPostprocessing = 0;
		};
/* End PBXFrameworksBuildPhase section */

/* Begin PBXGroup section */
		6B673C031B3DDBE9007CDD18 = {
			isa = PBXGroup;
			children = (
				6B1C37B51B4F65DD0030C500 /* SafariServices.framework */,
				6B673C0E1B3DDBE9007CDD18 /* BlockParty */,
				6B673C2B1B3DE346007CDD18 /* RediffBlock */,
				6B673C0D1B3DDBE9007CDD18 /* Products */,
			);
			sourceTree = "<group>";
		};
		6B673C0D1B3DDBE9007CDD18 /* Products */ = {
			isa = PBXGroup;
			children = (
				6B673C0C1B3DDBE9007CDD18 /* BlockParty.app */,
				6B673C2A1B3DE345007CDD18 /* RediffBlock.appex */,
			);
			name = Products;
			sourceTree = "<group>";
		};
		6B673C0E1B3DDBE9007CDD18 /* BlockParty */ = {
			isa = PBXGroup;
			children = (
				6B4012441B715EB9007E5B8F /* BlockerRule.m */,
				6B4012451B715EB9007E5B8F /* BlockerRule.h */,
				6B673C121B3DDBE9007CDD18 /* AppDelegate.h */,
				6B673C131B3DDBE9007CDD18 /* AppDelegate.m */,
				6B673C151B3DDBE9007CDD18 /* ViewController.h */,
				6B673C161B3DDBE9007CDD18 /* ViewController.m */,
				6B59AC7C1B724E9A0039854F /* RulesTableViewController.h */,
				6B59AC7D1B724E9A0039854F /* RulesTableViewController.m */,
				6B673C181B3DDBE9007CDD18 /* Main.storyboard */,
				6B673C1B1B3DDBE9007CDD18 /* Assets.xcassets */,
				6B673C1D1B3DDBE9007CDD18 /* LaunchScreen.storyboard */,
				6B673C201B3DDBE9007CDD18 /* Info.plist */,
				6B673C0F1B3DDBE9007CDD18 /* Supporting Files */,
			);
			path = BlockParty;
			sourceTree = "<group>";
		};
		6B673C0F1B3DDBE9007CDD18 /* Supporting Files */ = {
			isa = PBXGroup;
			children = (
				6B673C101B3DDBE9007CDD18 /* main.m */,
			);
			name = "Supporting Files";
			sourceTree = "<group>";
		};
		6B673C2B1B3DE346007CDD18 /* RediffBlock */ = {
			isa = PBXGroup;
			children = (
				6B673C2C1B3DE346007CDD18 /* blockerList.json */,
				6B673C2E1B3DE346007CDD18 /* ActionRequestHandler.h */,
				6B673C2F1B3DE346007CDD18 /* ActionRequestHandler.m */,
				6B673C311B3DE346007CDD18 /* Info.plist */,
			);
			path = RediffBlock;
			sourceTree = "<group>";
		};
/* End PBXGroup section */

/* Begin PBXNativeTarget section */
		6B673C0B1B3DDBE9007CDD18 /* BlockParty */ = {
			isa = PBXNativeTarget;
			buildConfigurationList = 6B673C231B3DDBE9007CDD18 /* Build configuration list for PBXNativeTarget "BlockParty" */;
			buildPhases = (
				6B673C081B3DDBE9007CDD18 /* Sources */,
				6B673C091B3DDBE9007CDD18 /* Frameworks */,
				6B673C0A1B3DDBE9007CDD18 /* Resources */,
				6B673C381B3DE346007CDD18 /* Embed App Extensions */,
			);
			buildRules = (
			);
			dependencies = (
				6B673C331B3DE346007CDD18 /* PBXTargetDependency */,
			);
			name = BlockParty;
			productName = BlockParty;
			productReference = 6B673C0C1B3DDBE9007CDD18 /* BlockParty.app */;
			productType = "com.apple.product-type.application";
		};
		6B673C291B3DE345007CDD18 /* RediffBlock */ = {
			isa = PBXNativeTarget;
			buildConfigurationList = 6B673C351B3DE346007CDD18 /* Build configuration list for PBXNativeTarget "RediffBlock" */;
			buildPhases = (
				6B673C261B3DE345007CDD18 /* Sources */,
				6B673C271B3DE345007CDD18 /* Frameworks */,
				6B673C281B3DE345007CDD18 /* Resources */,
			);
			buildRules = (
			);
			dependencies = (
			);
			name = RediffBlock;
			productName = RediffBlock;
			productReference = 6B673C2A1B3DE345007CDD18 /* RediffBlock.appex */;
			productType = "com.apple.product-type.app-extension";
		};
/* End PBXNativeTarget section */

/* Begin PBXProject section */
		6B673C041B3DDBE9007CDD18 /* Project object */ = {
			isa = PBXProject;
			attributes = {
				LastUpgradeCheck = 0700;
				ORGANIZATIONNAME = "Krishna Kumar";
				TargetAttributes = {
					6B673C0B1B3DDBE9007CDD18 = {
						CreatedOnToolsVersion = 7.0;
					};
					6B673C291B3DE345007CDD18 = {
						CreatedOnToolsVersion = 7.0;
					};
				};
			};
			buildConfigurationList = 6B673C071B3DDBE9007CDD18 /* Build configuration list for PBXProject "BlockParty" */;
			compatibilityVersion = "Xcode 3.2";
			developmentRegion = English;
			hasScannedForEncodings = 0;
			knownRegions = (
				en,
				Base,
			);
			mainGroup = 6B673C031B3DDBE9007CDD18;
			productRefGroup = 6B673C0D1B3DDBE9007CDD18 /* Products */;
			projectDirPath = "";
			projectRoot = "";
			targets = (
				6B673C0B1B3DDBE9007CDD18 /* BlockParty */,
				6B673C291B3DE345007CDD18 /* RediffBlock */,
			);
		};
/* End PBXProject section */

/* Begin PBXResourcesBuildPhase section */
		6B673C0A1B3DDBE9007CDD18 /* Resources */ = {
			isa = PBXResourcesBuildPhase;
			buildActionMask = 2147483647;
			files = (
				6B4012481B715EEC007E5B8F /* blockerList.json in Resources */,
				6B673C1F1B3DDBE9007CDD18 /* LaunchScreen.storyboard in Resources */,
				6B673C1C1B3DDBE9007CDD18 /* Assets.xcassets in Resources */,
				6B673C1A1B3DDBE9007CDD18 /* Main.storyboard in Resources */,
			);
			runOnlyForDeploymentPostprocessing = 0;
		};
		6B673C281B3DE345007CDD18 /* Resources */ = {
			isa = PBXResourcesBuildPhase;
			buildActionMask = 2147483647;
			files = (
				6B673C2D1B3DE346007CDD18 /* blockerList.json in Resources */,
			);
			runOnlyForDeploymentPostprocessing = 0;
		};
/* End PBXResourcesBuildPhase section */

/* Begin PBXSourcesBuildPhase section */
		6B673C081B3DDBE9007CDD18 /* Sources */ = {
			isa = PBXSourcesBuildPhase;
			buildActionMask = 2147483647;
			files = (
				6B673C171B3DDBE9007CDD18 /* ViewController.m in Sources */,
				6B59AC7E1B724E9A0039854F /* RulesTableViewController.m in Sources */,
				6B673C141B3DDBE9007CDD18 /* AppDelegate.m in Sources */,
				6B4012461B715EB9007E5B8F /* BlockerRule.m in Sources */,
				6B673C111B3DDBE9007CDD18 /* main.m in Sources */,
			);
			runOnlyForDeploymentPostprocessing = 0;
		};
		6B673C261B3DE345007CDD18 /* Sources */ = {
			isa = PBXSourcesBuildPhase;
			buildActionMask = 2147483647;
			files = (
				6B4012471B715EB9007E5B8F /* BlockerRule.m in Sources */,
				6B673C301B3DE346007CDD18 /* ActionRequestHandler.m in Sources */,
			);
			runOnlyForDeploymentPostprocessing = 0;
		};
/* End PBXSourcesBuildPhase section */

/* Begin PBXTargetDependency section */
		6B673C331B3DE346007CDD18 /* PBXTargetDependency */ = {
			isa = PBXTargetDependency;
			target = 6B673C291B3DE345007CDD18 /* RediffBlock */;
			targetProxy = 6B673C321B3DE346007CDD18 /* PBXContainerItemProxy */;
		};
/* End PBXTargetDependency section */

/* Begin PBXVariantGroup section */
		6B673C181B3DDBE9007CDD18 /* Main.storyboard */ = {
			isa = PBXVariantGroup;
			children = (
				6B673C191B3DDBE9007CDD18 /* Base */,
			);
			name = Main.storyboard;
			sourceTree = "<group>";
		};
		6B673C1D1B3DDBE9007CDD18 /* LaunchScreen.storyboard */ = {
			isa = PBXVariantGroup;
			children = (
				6B673C1E1B3DDBE9007CDD18 /* Base */,
			);
			name = LaunchScreen.storyboard;
			sourceTree = "<group>";
		};
/* End PBXVariantGroup section */

/* Begin XCBuildConfiguration section */
		6B673C211B3DDBE9007CDD18 /* Debug */ = {
			isa = XCBuildConfiguration;
			buildSettings = {
				ALWAYS_SEARCH_USER_PATHS = NO;
				CLANG_CXX_LANGUAGE_STANDARD = "gnu++0x";
				CLANG_CXX_LIBRARY = "libc++";
				CLANG_ENABLE_MODULES = YES;
				CLANG_ENABLE_OBJC_ARC = YES;
				CLANG_WARN_BOOL_CONVERSION = YES;
				CLANG_WARN_CONSTANT_CONVERSION = YES;
				CLANG_WARN_DIRECT_OBJC_ISA_USAGE = YES_ERROR;
				CLANG_WARN_EMPTY_BODY = YES;
				CLANG_WARN_ENUM_CONVERSION = YES;
				CLANG_WARN_INT_CONVERSION = YES;
				CLANG_WARN_OBJC_ROOT_CLASS = YES_ERROR;
				CLANG_WARN_UNREACHABLE_CODE = YES;
				CLANG_WARN__DUPLICATE_METHOD_MATCH = YES;
				"CODE_SIGN_IDENTITY[sdk=iphoneos*]" = "iPhone Developer";
				COPY_PHASE_STRIP = NO;
				DEBUG_INFORMATION_FORMAT = dwarf;
				ENABLE_STRICT_OBJC_MSGSEND = YES;
				ENABLE_TESTABILITY = YES;
				GCC_C_LANGUAGE_STANDARD = gnu99;
				GCC_DYNAMIC_NO_PIC = NO;
				GCC_NO_COMMON_BLOCKS = YES;
				GCC_OPTIMIZATION_LEVEL = 0;
				GCC_PREPROCESSOR_DEFINITIONS = (
					"DEBUG=1",
					"$(inherited)",
				);
				GCC_WARN_64_TO_32_BIT_CONVERSION = YES;
				GCC_WARN_ABOUT_RETURN_TYPE = YES_ERROR;
				GCC_WARN_UNDECLARED_SELECTOR = YES;
				GCC_WARN_UNINITIALIZED_AUTOS = YES_AGGRESSIVE;
				GCC_WARN_UNUSED_FUNCTION = YES;
				GCC_WARN_UNUSED_VARIABLE = YES;
				IPHONEOS_DEPLOYMENT_TARGET = 9.0;
				MTL_ENABLE_DEBUG_INFO = YES;
				ONLY_ACTIVE_ARCH = YES;
				SDKROOT = iphoneos;
				TARGETED_DEVICE_FAMILY = "1,2";
			};
			name = Debug;
		};
		6B673C221B3DDBE9007CDD18 /* Release */ = {
			isa = XCBuildConfiguration;
			buildSettings = {
				ALWAYS_SEARCH_USER_PATHS = NO;
				CLANG_CXX_LANGUAGE_STANDARD = "gnu++0x";
				CLANG_CXX_LIBRARY = "libc++";
				CLANG_ENABLE_MODULES = YES;
				CLANG_ENABLE_OBJC_ARC = YES;
				CLANG_WARN_BOOL_CONVERSION = YES;
				CLANG_WARN_CONSTANT_CONVERSION = YES;
				CLANG_WARN_DIRECT_OBJC_ISA_USAGE = YES_ERROR;
				CLANG_WARN_EMPTY_BODY = YES;
				CLANG_WARN_ENUM_CONVERSION = YES;
				CLANG_WARN_INT_CONVERSION = YES;
				CLANG_WARN_OBJC_ROOT_CLASS = YES_ERROR;
				CLANG_WARN_UNREACHABLE_CODE = YES;
				CLANG_WARN__DUPLICATE_METHOD_MATCH = YES;
				"CODE_SIGN_IDENTITY[sdk=iphoneos*]" = "iPhone Developer";
				COPY_PHASE_STRIP = NO;
				DEBUG_INFORMATION_FORMAT = "dwarf-with-dsym";
				ENABLE_NS_ASSERTIONS = NO;
				ENABLE_STRICT_OBJC_MSGSEND = YES;
				GCC_C_LANGUAGE_STANDARD = gnu99;
				GCC_NO_COMMON_BLOCKS = YES;
				GCC_WARN_64_TO_32_BIT_CONVERSION = YES;
				GCC_WARN_ABOUT_RETURN_TYPE = YES_ERROR;
				GCC_WARN_UNDECLARED_SELECTOR = YES;
				GCC_WARN_UNINITIALIZED_AUTOS = YES_AGGRESSIVE;
				GCC_WARN_UNUSED_FUNCTION = YES;
				GCC_WARN_UNUSED_VARIABLE = YES;
				IPHONEOS_DEPLOYMENT_TARGET = 9.0;
				MTL_ENABLE_DEBUG_INFO = NO;
				SDKROOT = iphoneos;
				TARGETED_DEVICE_FAMILY = "1,2";
				VALIDATE_PRODUCT = YES;
			};
			name = Release;
		};
		6B673C241B3DDBE9007CDD18 /* Debug */ = {
			isa = XCBuildConfiguration;
			buildSettings = {
				ASSETCATALOG_COMPILER_APPICON_NAME = AppIcon;
				INFOPLIST_FILE = BlockParty/Info.plist;
				LD_RUNPATH_SEARCH_PATHS = "$(inherited) @executable_path/Frameworks";
				PRODUCT_BUNDLE_IDENTIFIER = com.blackwaterpark.apps.BlockParty;
				PRODUCT_NAME = "$(TARGET_NAME)";
			};
			name = Debug;
		};
		6B673C251B3DDBE9007CDD18 /* Release */ = {
			isa = XCBuildConfiguration;
			buildSettings = {
				ASSETCATALOG_COMPILER_APPICON_NAME = AppIcon;
				INFOPLIST_FILE = BlockParty/Info.plist;
				LD_RUNPATH_SEARCH_PATHS = "$(inherited) @executable_path/Frameworks";
				PRODUCT_BUNDLE_IDENTIFIER = com.blackwaterpark.apps.BlockParty;
				PRODUCT_NAME = "$(TARGET_NAME)";
			};
			name = Release;
		};
		6B673C361B3DE346007CDD18 /* Debug */ = {
			isa = XCBuildConfiguration;
			buildSettings = {
				INFOPLIST_FILE = RediffBlock/Info.plist;
				LD_RUNPATH_SEARCH_PATHS = "$(inherited) @executable_path/Frameworks @executable_path/../../Frameworks";
				PRODUCT_BUNDLE_IDENTIFIER = com.blackwaterpark.apps.BlockParty.RediffBlock;
				PRODUCT_NAME = "$(TARGET_NAME)";
				SKIP_INSTALL = YES;
			};
			name = Debug;
		};
		6B673C371B3DE346007CDD18 /* Release */ = {
			isa = XCBuildConfiguration;
			buildSettings = {
				INFOPLIST_FILE = RediffBlock/Info.plist;
				LD_RUNPATH_SEARCH_PATHS = "$(inherited) @executable_path/Frameworks @executable_path/../../Frameworks";
				PRODUCT_BUNDLE_IDENTIFIER = com.blackwaterpark.apps.BlockParty.RediffBlock;
				PRODUCT_NAME = "$(TARGET_NAME)";
				SKIP_INSTALL = YES;
			};
			name = Release;
		};
/* End XCBuildConfiguration section */

/* Begin XCConfigurationList section */
		6B673C071B3DDBE9007CDD18 /* Build configuration list for PBXProject "BlockParty" */ = {
			isa = XCConfigurationList;
			buildConfigurations = (
				6B673C211B3DDBE9007CDD18 /* Debug */,
				6B673C221B3DDBE9007CDD18 /* Release */,
			);
			defaultConfigurationIsVisible = 0;
			defaultConfigurationName = Release;
		};
		6B673C231B3DDBE9007CDD18 /* Build configuration list for PBXNativeTarget "BlockParty" */ = {
			isa = XCConfigurationList;
			buildConfigurations = (
				6B673C241B3DDBE9007CDD18 /* Debug */,
				6B673C251B3DDBE9007CDD18 /* Release */,
			);
			defaultConfigurationIsVisible = 0;
			defaultConfigurationName = Release;
		};
		6B673C351B3DE346007CDD18 /* Build configuration list for PBXNativeTarget "RediffBlock" */ = {
			isa = XCConfigurationList;
			buildConfigurations = (
				6B673C361B3DE346007CDD18 /* Debug */,
				6B673C371B3DE346007CDD18 /* Release */,
			);
			defaultConfigurationIsVisible = 0;
			defaultConfigurationName = Release;
		};
/* End XCConfigurationList section */
	};
	rootObject = 6B673C041B3DDBE9007CDD18 /* Project object */;
}
